
Microsoft Visual Studio Solution File, Format Version 12.00
# Visual Studio Version 17
VisualStudioVersion = 17.1.32407.343
MinimumVisualStudioVersion = 10.0.40219.1
Project("{FAE04EC0-301F-11D3-BF4B-00C04F79EFBC}") = "Project 1", "Project 1\Project 1.csproj", "{7D26D445-6AA5-4F79-980A-19BC3E957E0E}"
EndProject
Global
	GlobalSection(SolutionConfigurationPlatforms) = preSolution
		Debug|Any CPU = Debug|Any CPU
		Release|Any CPU = Release|Any CPU
	EndGlobalSection
	GlobalSection(ProjectConfigurationPlatforms) = postSolution
		{7D26D445-6AA5-4F79-980A-19BC3E957E0E}.Debug|Any CPU.ActiveCfg = Debug|Any CPU
		{7D26D445-6AA5-4F79-980A-19BC3E957E0E}.Debug|Any CPU.Build.0 = Debug|Any CPU
		{7D26D445-6AA5-4F79-980A-19BC3E957E0E}.Release|Any CPU.ActiveCfg = Release|Any CPU
		{7D26D445-6AA5-4F79-980A-19BC3E957E0E}.Release|Any CPU.Build.0 = Release|Any CPU
	EndGlobalSection
	GlobalSection(SolutionProperties) = preSolution
		HideSolutionNode = FALSE
	EndGlobalSection
	GlobalSection(ExtensibilityGlobals) = postSolution
		SolutionGuid = {58443783-5273-4E93-B695-EC10B2B24402}
	EndGlobalSection
EndGlobal
